
Microsoft Visual Studio Solution File, Format Version 12.00
# Visual Studio 15
VisualStudioVersion = 15.0.28010.2048
MinimumVisualStudioVersion = 10.0.40219.1
Project("{FAE04EC0-301F-11D3-BF4B-00C04F79EFBC}") = "ChessSystem", "ChessSystem\ChessSystem.csproj", "{A9410FD3-AF07-4AC1-A3C8-681CC8367E05}"
EndProject
Global
	GlobalSection(SolutionConfigurationPlatforms) = preSolution
		Debug|Any CPU = Debug|Any CPU
		Release|Any CPU = Release|Any CPU
	EndGlobalSection
	GlobalSection(ProjectConfigurationPlatforms) = postSolution
		{A9410FD3-AF07-4AC1-A3C8-681CC8367E05}.Debug|Any CPU.ActiveCfg = Debug|Any CPU
		{A9410FD3-AF07-4AC1-A3C8-681CC8367E05}.Debug|Any CPU.Build.0 = Debug|Any CPU
		{A9410FD3-AF07-4AC1-A3C8-681CC8367E05}.Release|Any CPU.ActiveCfg = Release|Any CPU
		{A9410FD3-AF07-4AC1-A3C8-681CC8367E05}.Release|Any CPU.Build.0 = Release|Any CPU
	EndGlobalSection
	GlobalSection(SolutionProperties) = preSolution
		HideSolutionNode = FALSE
	EndGlobalSection
	GlobalSection(ExtensibilityGlobals) = postSolution
		SolutionGuid = {0ECBCB52-2CFD-400D-8770-C8A18757E0E3}
	EndGlobalSection
EndGlobal
